// !$*UTF8*$!
{
	archiveVersion = 1;
	classes = {
	};
	objectVersion = 56;
	objects = {

/* Begin PBXBuildFile section */
		44C365BF28F98B2E007B9868 /* ChallengeAthenasApp.swift in Sources */ = {isa = PBXBuildFile; fileRef = 44C365BE28F98B2E007B9868 /* ChallengeAthenasApp.swift */; };
		44C365C128F98B2E007B9868 /* ContentView.swift in Sources */ = {isa = PBXBuildFile; fileRef = 44C365C028F98B2E007B9868 /* ContentView.swift */; };
		44C365C328F98B30007B9868 /* Assets.xcassets in Resources */ = {isa = PBXBuildFile; fileRef = 44C365C228F98B30007B9868 /* Assets.xcassets */; };
		44C365C628F98B30007B9868 /* Preview Assets.xcassets in Resources */ = {isa = PBXBuildFile; fileRef = 44C365C528F98B30007B9868 /* Preview Assets.xcassets */; };
		44C365CD28F991DE007B9868 /* MenuView.swift in Sources */ = {isa = PBXBuildFile; fileRef = 44C365CC28F991DE007B9868 /* MenuView.swift */; };
		44C365D128F99A55007B9868 /* AppButton.swift in Sources */ = {isa = PBXBuildFile; fileRef = 44C365D028F99A55007B9868 /* AppButton.swift */; };
		44C365D428FA41EF007B9868 /* SettingsView.swift in Sources */ = {isa = PBXBuildFile; fileRef = 44C365D328FA41EF007B9868 /* SettingsView.swift */; };
		44C365D628FA45A4007B9868 /* AppNavigationButton.swift in Sources */ = {isa = PBXBuildFile; fileRef = 44C365D528FA45A4007B9868 /* AppNavigationButton.swift */; };
		44C365DA28FA4950007B9868 /* MapView.swift in Sources */ = {isa = PBXBuildFile; fileRef = 44C365D928FA4950007B9868 /* MapView.swift */; };
		A3D0AAEA290B1521004BCAFB /* Team.swift in Sources */ = {isa = PBXBuildFile; fileRef = A3D0AAE9290B1521004BCAFB /* Team.swift */; };
		A3D0AAEC290B16A8004BCAFB /* TeamArray.swift in Sources */ = {isa = PBXBuildFile; fileRef = A3D0AAEB290B16A8004BCAFB /* TeamArray.swift */; };
		A3D0AAEE290B255F004BCAFB /* CreditsView.swift in Sources */ = {isa = PBXBuildFile; fileRef = A3D0AAED290B255F004BCAFB /* CreditsView.swift */; };
		CA4EDDE529070A9700E3AEC3 /* Level.swift in Sources */ = {isa = PBXBuildFile; fileRef = CA4EDDE429070A9700E3AEC3 /* Level.swift */; };
		CA4EDDE729070D1800E3AEC3 /* LevelArray.swift in Sources */ = {isa = PBXBuildFile; fileRef = CA4EDDE629070D1800E3AEC3 /* LevelArray.swift */; };
		CA4EDDEA2907263900E3AEC3 /* NextDialogueButton.swift in Sources */ = {isa = PBXBuildFile; fileRef = CA4EDDE92907263900E3AEC3 /* NextDialogueButton.swift */; };
		CAF72E79290235370091513A /* PauseButtonView.swift in Sources */ = {isa = PBXBuildFile; fileRef = CAF72E75290235370091513A /* PauseButtonView.swift */; };
		CAF72E7A290235370091513A /* DialogueView.swift in Sources */ = {isa = PBXBuildFile; fileRef = CAF72E76290235370091513A /* DialogueView.swift */; };
		CAF72E7B290235370091513A /* PauseMenuSheet.swift in Sources */ = {isa = PBXBuildFile; fileRef = CAF72E77290235370091513A /* PauseMenuSheet.swift */; };
		CAF72E7C290235370091513A /* ConversationAndButtonsView.swift in Sources */ = {isa = PBXBuildFile; fileRef = CAF72E78290235370091513A /* ConversationAndButtonsView.swift */; };
		E97B0F7F290B1D3500E50277 /* CreditsButton.swift in Sources */ = {isa = PBXBuildFile; fileRef = E97B0F7E290B1D3500E50277 /* CreditsButton.swift */; };
		E99A2E0E290B0F3400175BF8 /* cordel-rustika.otf in Resources */ = {isa = PBXBuildFile; fileRef = E99A2E0A290B08CF00175BF8 /* cordel-rustika.otf */; };
		E99A2E0F290B0F3500175BF8 /* xilo-sans.ttf in Resources */ = {isa = PBXBuildFile; fileRef = E99A2E0C290B08D600175BF8 /* xilo-sans.ttf */; };
		E99A2E10290B0F3700175BF8 /* xilosa.ttf in Resources */ = {isa = PBXBuildFile; fileRef = E99A2E0B290B08D600175BF8 /* xilosa.ttf */; };
		E99A2E12290B156900175BF8 /* AppInitalButton.swift in Sources */ = {isa = PBXBuildFile; fileRef = E99A2E11290B156900175BF8 /* AppInitalButton.swift */; };
		D4EAE319290729CD00243041 /* FutureSheet.swift in Sources */ = {isa = PBXBuildFile; fileRef = D4EAE318290729CD00243041 /* FutureSheet.swift */; };
		D4EAE31B29075FFB00243041 /* PopUpTitle.swift in Sources */ = {isa = PBXBuildFile; fileRef = D4EAE31A29075FFB00243041 /* PopUpTitle.swift */; };
		D4EAE31D2907683100243041 /* NotYetSheet.swift in Sources */ = {isa = PBXBuildFile; fileRef = D4EAE31C2907683100243041 /* NotYetSheet.swift */; };
/* End PBXBuildFile section */

/* Begin PBXFileReference section */
		44C365BB28F98B2E007B9868 /* ChallengeAthenas.app */ = {isa = PBXFileReference; explicitFileType = wrapper.application; includeInIndex = 0; path = ChallengeAthenas.app; sourceTree = BUILT_PRODUCTS_DIR; };
		44C365BE28F98B2E007B9868 /* ChallengeAthenasApp.swift */ = {isa = PBXFileReference; lastKnownFileType = sourcecode.swift; path = ChallengeAthenasApp.swift; sourceTree = "<group>"; };
		44C365C028F98B2E007B9868 /* ContentView.swift */ = {isa = PBXFileReference; lastKnownFileType = sourcecode.swift; path = ContentView.swift; sourceTree = "<group>"; };
		44C365C228F98B30007B9868 /* Assets.xcassets */ = {isa = PBXFileReference; lastKnownFileType = folder.assetcatalog; path = Assets.xcassets; sourceTree = "<group>"; };
		44C365C528F98B30007B9868 /* Preview Assets.xcassets */ = {isa = PBXFileReference; lastKnownFileType = folder.assetcatalog; path = "Preview Assets.xcassets"; sourceTree = "<group>"; };
		44C365CC28F991DE007B9868 /* MenuView.swift */ = {isa = PBXFileReference; lastKnownFileType = sourcecode.swift; path = MenuView.swift; sourceTree = "<group>"; };
		44C365D028F99A55007B9868 /* AppButton.swift */ = {isa = PBXFileReference; lastKnownFileType = sourcecode.swift; path = AppButton.swift; sourceTree = "<group>"; };
		44C365D328FA41EF007B9868 /* SettingsView.swift */ = {isa = PBXFileReference; lastKnownFileType = sourcecode.swift; path = SettingsView.swift; sourceTree = "<group>"; };
		44C365D528FA45A4007B9868 /* AppNavigationButton.swift */ = {isa = PBXFileReference; lastKnownFileType = sourcecode.swift; path = AppNavigationButton.swift; sourceTree = "<group>"; };
		44C365D928FA4950007B9868 /* MapView.swift */ = {isa = PBXFileReference; lastKnownFileType = sourcecode.swift; path = MapView.swift; sourceTree = "<group>"; };
		A3D0AAE9290B1521004BCAFB /* Team.swift */ = {isa = PBXFileReference; lastKnownFileType = sourcecode.swift; path = Team.swift; sourceTree = "<group>"; };
		A3D0AAEB290B16A8004BCAFB /* TeamArray.swift */ = {isa = PBXFileReference; lastKnownFileType = sourcecode.swift; path = TeamArray.swift; sourceTree = "<group>"; };
		A3D0AAED290B255F004BCAFB /* CreditsView.swift */ = {isa = PBXFileReference; fileEncoding = 4; lastKnownFileType = sourcecode.swift; path = CreditsView.swift; sourceTree = "<group>"; };
		CA4EDDE429070A9700E3AEC3 /* Level.swift */ = {isa = PBXFileReference; lastKnownFileType = sourcecode.swift; path = Level.swift; sourceTree = "<group>"; };
		CA4EDDE629070D1800E3AEC3 /* LevelArray.swift */ = {isa = PBXFileReference; lastKnownFileType = sourcecode.swift; path = LevelArray.swift; sourceTree = "<group>"; };
		CA4EDDE92907263900E3AEC3 /* NextDialogueButton.swift */ = {isa = PBXFileReference; lastKnownFileType = sourcecode.swift; path = NextDialogueButton.swift; sourceTree = "<group>"; };
		CAF72E75290235370091513A /* PauseButtonView.swift */ = {isa = PBXFileReference; fileEncoding = 4; lastKnownFileType = sourcecode.swift; path = PauseButtonView.swift; sourceTree = "<group>"; };
		CAF72E76290235370091513A /* DialogueView.swift */ = {isa = PBXFileReference; fileEncoding = 4; lastKnownFileType = sourcecode.swift; path = DialogueView.swift; sourceTree = "<group>"; };
		CAF72E77290235370091513A /* PauseMenuSheet.swift */ = {isa = PBXFileReference; fileEncoding = 4; lastKnownFileType = sourcecode.swift; path = PauseMenuSheet.swift; sourceTree = "<group>"; };
		CAF72E78290235370091513A /* ConversationAndButtonsView.swift */ = {isa = PBXFileReference; fileEncoding = 4; lastKnownFileType = sourcecode.swift; path = ConversationAndButtonsView.swift; sourceTree = "<group>"; };
		E97B0F7E290B1D3500E50277 /* CreditsButton.swift */ = {isa = PBXFileReference; lastKnownFileType = sourcecode.swift; path = CreditsButton.swift; sourceTree = "<group>"; };
		E99A2E0A290B08CF00175BF8 /* cordel-rustika.otf */ = {isa = PBXFileReference; lastKnownFileType = file; path = "cordel-rustika.otf"; sourceTree = "<group>"; };
		E99A2E0B290B08D600175BF8 /* xilosa.ttf */ = {isa = PBXFileReference; lastKnownFileType = file; path = xilosa.ttf; sourceTree = "<group>"; };
		E99A2E0C290B08D600175BF8 /* xilo-sans.ttf */ = {isa = PBXFileReference; lastKnownFileType = file; path = "xilo-sans.ttf"; sourceTree = "<group>"; };
		E99A2E0D290B096700175BF8 /* Info.plist */ = {isa = PBXFileReference; lastKnownFileType = text.plist; path = Info.plist; sourceTree = "<group>"; };
		E99A2E11290B156900175BF8 /* AppInitalButton.swift */ = {isa = PBXFileReference; lastKnownFileType = sourcecode.swift; path = AppInitalButton.swift; sourceTree = "<group>"; };
		D4EAE318290729CD00243041 /* FutureSheet.swift */ = {isa = PBXFileReference; fileEncoding = 4; lastKnownFileType = sourcecode.swift; path = FutureSheet.swift; sourceTree = "<group>"; };
		D4EAE31A29075FFB00243041 /* PopUpTitle.swift */ = {isa = PBXFileReference; lastKnownFileType = sourcecode.swift; path = PopUpTitle.swift; sourceTree = "<group>"; };
		D4EAE31C2907683100243041 /* NotYetSheet.swift */ = {isa = PBXFileReference; lastKnownFileType = sourcecode.swift; path = NotYetSheet.swift; sourceTree = "<group>"; };
/* End PBXFileReference section */

/* Begin PBXFrameworksBuildPhase section */
		44C365B828F98B2E007B9868 /* Frameworks */ = {
			isa = PBXFrameworksBuildPhase;
			buildActionMask = 2147483647;
			files = (
			);
			runOnlyForDeploymentPostprocessing = 0;
		};
/* End PBXFrameworksBuildPhase section */

/* Begin PBXGroup section */
		44C365B228F98B2E007B9868 = {
			isa = PBXGroup;
			children = (
				44C365BD28F98B2E007B9868 /* ChallengeAthenas */,
				44C365BC28F98B2E007B9868 /* Products */,
			);
			sourceTree = "<group>";
		};
		44C365BC28F98B2E007B9868 /* Products */ = {
			isa = PBXGroup;
			children = (
				44C365BB28F98B2E007B9868 /* ChallengeAthenas.app */,
			);
			name = Products;
			sourceTree = "<group>";
		};
		44C365BD28F98B2E007B9868 /* ChallengeAthenas */ = {
			isa = PBXGroup;
			children = (
				E99A2E0D290B096700175BF8 /* Info.plist */,
				E99A2E09290B089200175BF8 /* Fonts */,
				44C365D228F99A61007B9868 /* Components */,
				44C365CF28F99A30007B9868 /* Views */,
				44C365BE28F98B2E007B9868 /* ChallengeAthenasApp.swift */,
				44C365C228F98B30007B9868 /* Assets.xcassets */,
				44C365C428F98B30007B9868 /* Preview Content */,
			);
			path = ChallengeAthenas;
			sourceTree = "<group>";
		};
		44C365C428F98B30007B9868 /* Preview Content */ = {
			isa = PBXGroup;
			children = (
				44C365C528F98B30007B9868 /* Preview Assets.xcassets */,
			);
			path = "Preview Content";
			sourceTree = "<group>";
		};
		44C365CF28F99A30007B9868 /* Views */ = {
			isa = PBXGroup;
			children = (
				CAF72E74290235370091513A /* Dialogue */,
				44C365C028F98B2E007B9868 /* ContentView.swift */,
				44C365CC28F991DE007B9868 /* MenuView.swift */,
				44C365D928FA4950007B9868 /* MapView.swift */,
				44C365D328FA41EF007B9868 /* SettingsView.swift */,
				A3D0AAE8290B10BE004BCAFB /* Credits */,
				D4EAE318290729CD00243041 /* FutureSheet.swift */,
				D4EAE31C2907683100243041 /* NotYetSheet.swift */,
			);
			path = Views;
			sourceTree = "<group>";
		};
		44C365D228F99A61007B9868 /* Components */ = {
			isa = PBXGroup;
			children = (
				44C365D028F99A55007B9868 /* AppButton.swift */,
				44C365D528FA45A4007B9868 /* AppNavigationButton.swift */,
				E99A2E11290B156900175BF8 /* AppInitalButton.swift */,
				E97B0F7E290B1D3500E50277 /* CreditsButton.swift */,
				D4EAE31A29075FFB00243041 /* PopUpTitle.swift */,
			);
			path = Components;
			sourceTree = "<group>";
		};
		A3D0AAE8290B10BE004BCAFB /* Credits */ = {
			isa = PBXGroup;
			children = (
				A3D0AAE9290B1521004BCAFB /* Team.swift */,
				A3D0AAED290B255F004BCAFB /* CreditsView.swift */,
				A3D0AAEB290B16A8004BCAFB /* TeamArray.swift */,
			);
			path = Credits;
			sourceTree = "<group>";
		};
		CAF72E74290235370091513A /* Dialogue */ = {
			isa = PBXGroup;
			children = (
				CAF72E75290235370091513A /* PauseButtonView.swift */,
				CAF72E76290235370091513A /* DialogueView.swift */,
				CAF72E77290235370091513A /* PauseMenuSheet.swift */,
				CA4EDDE92907263900E3AEC3 /* NextDialogueButton.swift */,
				CAF72E78290235370091513A /* ConversationAndButtonsView.swift */,
				CA4EDDE429070A9700E3AEC3 /* Level.swift */,
				CA4EDDE629070D1800E3AEC3 /* LevelArray.swift */,
			);
			path = Dialogue;
			sourceTree = "<group>";
		};
		E99A2E09290B089200175BF8 /* Fonts */ = {
			isa = PBXGroup;
			children = (
				E99A2E0A290B08CF00175BF8 /* cordel-rustika.otf */,
				E99A2E0C290B08D600175BF8 /* xilo-sans.ttf */,
				E99A2E0B290B08D600175BF8 /* xilosa.ttf */,
			);
			path = Fonts;
			sourceTree = "<group>";
		};
/* End PBXGroup section */

/* Begin PBXNativeTarget section */
		44C365BA28F98B2E007B9868 /* ChallengeAthenas */ = {
			isa = PBXNativeTarget;
			buildConfigurationList = 44C365C928F98B30007B9868 /* Build configuration list for PBXNativeTarget "ChallengeAthenas" */;
			buildPhases = (
				44C365B728F98B2E007B9868 /* Sources */,
				44C365B828F98B2E007B9868 /* Frameworks */,
				44C365B928F98B2E007B9868 /* Resources */,
			);
			buildRules = (
			);
			dependencies = (
			);
			name = ChallengeAthenas;
			productName = ChallengeAthenas;
			productReference = 44C365BB28F98B2E007B9868 /* ChallengeAthenas.app */;
			productType = "com.apple.product-type.application";
		};
/* End PBXNativeTarget section */

/* Begin PBXProject section */
		44C365B328F98B2E007B9868 /* Project object */ = {
			isa = PBXProject;
			attributes = {
				BuildIndependentTargetsInParallel = 1;
				LastSwiftUpdateCheck = 1400;
				LastUpgradeCheck = 1400;
				TargetAttributes = {
					44C365BA28F98B2E007B9868 = {
						CreatedOnToolsVersion = 14.0.1;
					};
				};
			};
			buildConfigurationList = 44C365B628F98B2E007B9868 /* Build configuration list for PBXProject "ChallengeAthenas" */;
			compatibilityVersion = "Xcode 14.0";
			developmentRegion = en;
			hasScannedForEncodings = 0;
			knownRegions = (
				en,
				Base,
			);
			mainGroup = 44C365B228F98B2E007B9868;
			productRefGroup = 44C365BC28F98B2E007B9868 /* Products */;
			projectDirPath = "";
			projectRoot = "";
			targets = (
				44C365BA28F98B2E007B9868 /* ChallengeAthenas */,
			);
		};
/* End PBXProject section */

/* Begin PBXResourcesBuildPhase section */
		44C365B928F98B2E007B9868 /* Resources */ = {
			isa = PBXResourcesBuildPhase;
			buildActionMask = 2147483647;
			files = (
				44C365C628F98B30007B9868 /* Preview Assets.xcassets in Resources */,
				44C365C328F98B30007B9868 /* Assets.xcassets in Resources */,
				E99A2E10290B0F3700175BF8 /* xilosa.ttf in Resources */,
				E99A2E0E290B0F3400175BF8 /* cordel-rustika.otf in Resources */,
				E99A2E0F290B0F3500175BF8 /* xilo-sans.ttf in Resources */,
			);
			runOnlyForDeploymentPostprocessing = 0;
		};
/* End PBXResourcesBuildPhase section */

/* Begin PBXSourcesBuildPhase section */
		44C365B728F98B2E007B9868 /* Sources */ = {
			isa = PBXSourcesBuildPhase;
			buildActionMask = 2147483647;
			files = (
				44C365CD28F991DE007B9868 /* MenuView.swift in Sources */,
				44C365DA28FA4950007B9868 /* MapView.swift in Sources */,
				E97B0F7F290B1D3500E50277 /* CreditsButton.swift in Sources */,
				A3D0AAEA290B1521004BCAFB /* Team.swift in Sources */,
				CA4EDDE729070D1800E3AEC3 /* LevelArray.swift in Sources */,
				D4EAE319290729CD00243041 /* FutureSheet.swift in Sources */,
				D4EAE31D2907683100243041 /* NotYetSheet.swift in Sources */,
				44C365C128F98B2E007B9868 /* ContentView.swift in Sources */,
				CA4EDDE529070A9700E3AEC3 /* Level.swift in Sources */,
				CAF72E79290235370091513A /* PauseButtonView.swift in Sources */,
				A3D0AAEC290B16A8004BCAFB /* TeamArray.swift in Sources */,
				44C365BF28F98B2E007B9868 /* ChallengeAthenasApp.swift in Sources */,
				D4EAE31B29075FFB00243041 /* PopUpTitle.swift in Sources */,
				44C365D628FA45A4007B9868 /* AppNavigationButton.swift in Sources */,
				44C365D128F99A55007B9868 /* AppButton.swift in Sources */,
				A3D0AAEE290B255F004BCAFB /* CreditsView.swift in Sources */,
				CA4EDDEA2907263900E3AEC3 /* NextDialogueButton.swift in Sources */,
				CAF72E7B290235370091513A /* PauseMenuSheet.swift in Sources */,
				CAF72E7A290235370091513A /* DialogueView.swift in Sources */,
				CAF72E7C290235370091513A /* ConversationAndButtonsView.swift in Sources */,
				44C365D428FA41EF007B9868 /* SettingsView.swift in Sources */,
				E99A2E12290B156900175BF8 /* AppInitalButton.swift in Sources */,
			);
			runOnlyForDeploymentPostprocessing = 0;
		};
/* End PBXSourcesBuildPhase section */

/* Begin XCBuildConfiguration section */
		44C365C728F98B30007B9868 /* Debug */ = {
			isa = XCBuildConfiguration;
			buildSettings = {
				ALWAYS_SEARCH_USER_PATHS = NO;
				CLANG_ANALYZER_NONNULL = YES;
				CLANG_ANALYZER_NUMBER_OBJECT_CONVERSION = YES_AGGRESSIVE;
				CLANG_CXX_LANGUAGE_STANDARD = "gnu++20";
				CLANG_ENABLE_MODULES = YES;
				CLANG_ENABLE_OBJC_ARC = YES;
				CLANG_ENABLE_OBJC_WEAK = YES;
				CLANG_WARN_BLOCK_CAPTURE_AUTORELEASING = YES;
				CLANG_WARN_BOOL_CONVERSION = YES;
				CLANG_WARN_COMMA = YES;
				CLANG_WARN_CONSTANT_CONVERSION = YES;
				CLANG_WARN_DEPRECATED_OBJC_IMPLEMENTATIONS = YES;
				CLANG_WARN_DIRECT_OBJC_ISA_USAGE = YES_ERROR;
				CLANG_WARN_DOCUMENTATION_COMMENTS = YES;
				CLANG_WARN_EMPTY_BODY = YES;
				CLANG_WARN_ENUM_CONVERSION = YES;
				CLANG_WARN_INFINITE_RECURSION = YES;
				CLANG_WARN_INT_CONVERSION = YES;
				CLANG_WARN_NON_LITERAL_NULL_CONVERSION = YES;
				CLANG_WARN_OBJC_IMPLICIT_RETAIN_SELF = YES;
				CLANG_WARN_OBJC_LITERAL_CONVERSION = YES;
				CLANG_WARN_OBJC_ROOT_CLASS = YES_ERROR;
				CLANG_WARN_QUOTED_INCLUDE_IN_FRAMEWORK_HEADER = YES;
				CLANG_WARN_RANGE_LOOP_ANALYSIS = YES;
				CLANG_WARN_STRICT_PROTOTYPES = YES;
				CLANG_WARN_SUSPICIOUS_MOVE = YES;
				CLANG_WARN_UNGUARDED_AVAILABILITY = YES_AGGRESSIVE;
				CLANG_WARN_UNREACHABLE_CODE = YES;
				CLANG_WARN__DUPLICATE_METHOD_MATCH = YES;
				COPY_PHASE_STRIP = NO;
				DEBUG_INFORMATION_FORMAT = dwarf;
				ENABLE_STRICT_OBJC_MSGSEND = YES;
				ENABLE_TESTABILITY = YES;
				GCC_C_LANGUAGE_STANDARD = gnu11;
				GCC_DYNAMIC_NO_PIC = NO;
				GCC_NO_COMMON_BLOCKS = YES;
				GCC_OPTIMIZATION_LEVEL = 0;
				GCC_PREPROCESSOR_DEFINITIONS = (
					"DEBUG=1",
					"$(inherited)",
				);
				GCC_WARN_64_TO_32_BIT_CONVERSION = YES;
				GCC_WARN_ABOUT_RETURN_TYPE = YES_ERROR;
				GCC_WARN_UNDECLARED_SELECTOR = YES;
				GCC_WARN_UNINITIALIZED_AUTOS = YES_AGGRESSIVE;
				GCC_WARN_UNUSED_FUNCTION = YES;
				GCC_WARN_UNUSED_VARIABLE = YES;
				IPHONEOS_DEPLOYMENT_TARGET = 16.0;
				MTL_ENABLE_DEBUG_INFO = INCLUDE_SOURCE;
				MTL_FAST_MATH = YES;
				ONLY_ACTIVE_ARCH = YES;
				SDKROOT = iphoneos;
				SWIFT_ACTIVE_COMPILATION_CONDITIONS = DEBUG;
				SWIFT_OPTIMIZATION_LEVEL = "-Onone";
			};
			name = Debug;
		};
		44C365C828F98B30007B9868 /* Release */ = {
			isa = XCBuildConfiguration;
			buildSettings = {
				ALWAYS_SEARCH_USER_PATHS = NO;
				CLANG_ANALYZER_NONNULL = YES;
				CLANG_ANALYZER_NUMBER_OBJECT_CONVERSION = YES_AGGRESSIVE;
				CLANG_CXX_LANGUAGE_STANDARD = "gnu++20";
				CLANG_ENABLE_MODULES = YES;
				CLANG_ENABLE_OBJC_ARC = YES;
				CLANG_ENABLE_OBJC_WEAK = YES;
				CLANG_WARN_BLOCK_CAPTURE_AUTORELEASING = YES;
				CLANG_WARN_BOOL_CONVERSION = YES;
				CLANG_WARN_COMMA = YES;
				CLANG_WARN_CONSTANT_CONVERSION = YES;
				CLANG_WARN_DEPRECATED_OBJC_IMPLEMENTATIONS = YES;
				CLANG_WARN_DIRECT_OBJC_ISA_USAGE = YES_ERROR;
				CLANG_WARN_DOCUMENTATION_COMMENTS = YES;
				CLANG_WARN_EMPTY_BODY = YES;
				CLANG_WARN_ENUM_CONVERSION = YES;
				CLANG_WARN_INFINITE_RECURSION = YES;
				CLANG_WARN_INT_CONVERSION = YES;
				CLANG_WARN_NON_LITERAL_NULL_CONVERSION = YES;
				CLANG_WARN_OBJC_IMPLICIT_RETAIN_SELF = YES;
				CLANG_WARN_OBJC_LITERAL_CONVERSION = YES;
				CLANG_WARN_OBJC_ROOT_CLASS = YES_ERROR;
				CLANG_WARN_QUOTED_INCLUDE_IN_FRAMEWORK_HEADER = YES;
				CLANG_WARN_RANGE_LOOP_ANALYSIS = YES;
				CLANG_WARN_STRICT_PROTOTYPES = YES;
				CLANG_WARN_SUSPICIOUS_MOVE = YES;
				CLANG_WARN_UNGUARDED_AVAILABILITY = YES_AGGRESSIVE;
				CLANG_WARN_UNREACHABLE_CODE = YES;
				CLANG_WARN__DUPLICATE_METHOD_MATCH = YES;
				COPY_PHASE_STRIP = NO;
				DEBUG_INFORMATION_FORMAT = "dwarf-with-dsym";
				ENABLE_NS_ASSERTIONS = NO;
				ENABLE_STRICT_OBJC_MSGSEND = YES;
				GCC_C_LANGUAGE_STANDARD = gnu11;
				GCC_NO_COMMON_BLOCKS = YES;
				GCC_WARN_64_TO_32_BIT_CONVERSION = YES;
				GCC_WARN_ABOUT_RETURN_TYPE = YES_ERROR;
				GCC_WARN_UNDECLARED_SELECTOR = YES;
				GCC_WARN_UNINITIALIZED_AUTOS = YES_AGGRESSIVE;
				GCC_WARN_UNUSED_FUNCTION = YES;
				GCC_WARN_UNUSED_VARIABLE = YES;
				IPHONEOS_DEPLOYMENT_TARGET = 16.0;
				MTL_ENABLE_DEBUG_INFO = NO;
				MTL_FAST_MATH = YES;
				SDKROOT = iphoneos;
				SWIFT_COMPILATION_MODE = wholemodule;
				SWIFT_OPTIMIZATION_LEVEL = "-O";
				VALIDATE_PRODUCT = YES;
			};
			name = Release;
		};
		44C365CA28F98B30007B9868 /* Debug */ = {
			isa = XCBuildConfiguration;
			buildSettings = {
				ASSETCATALOG_COMPILER_APPICON_NAME = AppIcon;
				ASSETCATALOG_COMPILER_GLOBAL_ACCENT_COLOR_NAME = AccentColor;
				CODE_SIGN_STYLE = Automatic;
				CURRENT_PROJECT_VERSION = 1;
				DEVELOPMENT_ASSET_PATHS = "\"ChallengeAthenas/Preview Content\"";
				DEVELOPMENT_TEAM = PST723S8CA;
				ENABLE_PREVIEWS = YES;
				GENERATE_INFOPLIST_FILE = YES;
				INFOPLIST_FILE = ChallengeAthenas/Info.plist;
				INFOPLIST_KEY_CFBundleDisplayName = Hellcife;
				INFOPLIST_KEY_LSApplicationCategoryType = "public.app-category.music-games";
				INFOPLIST_KEY_UIApplicationSceneManifest_Generation = YES;
				INFOPLIST_KEY_UIApplicationSupportsIndirectInputEvents = YES;
				INFOPLIST_KEY_UILaunchScreen_Generation = YES;
				INFOPLIST_KEY_UISupportedInterfaceOrientations = UIInterfaceOrientationPortrait;
				LD_RUNPATH_SEARCH_PATHS = (
					"$(inherited)",
					"@executable_path/Frameworks",
				);
				MARKETING_VERSION = 1.0;
				PRODUCT_BUNDLE_IDENTIFIER = vitoria.pinheiro.ChallengeAthenas;
				PRODUCT_NAME = "$(TARGET_NAME)";
				SWIFT_EMIT_LOC_STRINGS = YES;
				SWIFT_VERSION = 5.0;
				TARGETED_DEVICE_FAMILY = "1,2";
			};
			name = Debug;
		};
		44C365CB28F98B30007B9868 /* Release */ = {
			isa = XCBuildConfiguration;
			buildSettings = {
				ASSETCATALOG_COMPILER_APPICON_NAME = AppIcon;
				ASSETCATALOG_COMPILER_GLOBAL_ACCENT_COLOR_NAME = AccentColor;
				CODE_SIGN_STYLE = Automatic;
				CURRENT_PROJECT_VERSION = 1;
				DEVELOPMENT_ASSET_PATHS = "\"ChallengeAthenas/Preview Content\"";
				DEVELOPMENT_TEAM = PST723S8CA;
				ENABLE_PREVIEWS = YES;
				GENERATE_INFOPLIST_FILE = YES;
				INFOPLIST_FILE = ChallengeAthenas/Info.plist;
				INFOPLIST_KEY_CFBundleDisplayName = Hellcife;
				INFOPLIST_KEY_LSApplicationCategoryType = "public.app-category.music-games";
				INFOPLIST_KEY_UIApplicationSceneManifest_Generation = YES;
				INFOPLIST_KEY_UIApplicationSupportsIndirectInputEvents = YES;
				INFOPLIST_KEY_UILaunchScreen_Generation = YES;
				INFOPLIST_KEY_UISupportedInterfaceOrientations = UIInterfaceOrientationPortrait;
				LD_RUNPATH_SEARCH_PATHS = (
					"$(inherited)",
					"@executable_path/Frameworks",
				);
				MARKETING_VERSION = 1.0;
				PRODUCT_BUNDLE_IDENTIFIER = vitoria.pinheiro.ChallengeAthenas;
				PRODUCT_NAME = "$(TARGET_NAME)";
				SWIFT_EMIT_LOC_STRINGS = YES;
				SWIFT_VERSION = 5.0;
				TARGETED_DEVICE_FAMILY = "1,2";
			};
			name = Release;
		};
/* End XCBuildConfiguration section */

/* Begin XCConfigurationList section */
		44C365B628F98B2E007B9868 /* Build configuration list for PBXProject "ChallengeAthenas" */ = {
			isa = XCConfigurationList;
			buildConfigurations = (
				44C365C728F98B30007B9868 /* Debug */,
				44C365C828F98B30007B9868 /* Release */,
			);
			defaultConfigurationIsVisible = 0;
			defaultConfigurationName = Release;
		};
		44C365C928F98B30007B9868 /* Build configuration list for PBXNativeTarget "ChallengeAthenas" */ = {
			isa = XCConfigurationList;
			buildConfigurations = (
				44C365CA28F98B30007B9868 /* Debug */,
				44C365CB28F98B30007B9868 /* Release */,
			);
			defaultConfigurationIsVisible = 0;
			defaultConfigurationName = Release;
		};
/* End XCConfigurationList section */
	};
	rootObject = 44C365B328F98B2E007B9868 /* Project object */;
}
